
Microsoft Visual Studio Solution File, Format Version 12.00
# Visual Studio 15
VisualStudioVersion = 15.0.27130.2010
MinimumVisualStudioVersion = 10.0.40219.1
Project("{FAE04EC0-301F-11D3-BF4B-00C04F79EFBC}") = "Metrics.NET.Nancy", "Metrics.NET.Nancy\Metrics.NET.Nancy.csproj", "{74F68EA8-15CD-4EE8-B4E3-41E877A72ACE}"
EndProject
Project("{2150E333-8FDC-42A3-9474-1A3956D46DE8}") = "Solution Items", "Solution Items", "{47D6FB9F-582F-496E-B8F8-F0E69A30338A}"
	ProjectSection(SolutionItems) = preProject
		.gitignore = .gitignore
		appveyor.yml = appveyor.yml
		LICENSE = LICENSE
		README.md = README.md
	EndProjectSection
EndProject
Global
	GlobalSection(SolutionConfigurationPlatforms) = preSolution
		Debug|Any CPU = Debug|Any CPU
		Release|Any CPU = Release|Any CPU
	EndGlobalSection
	GlobalSection(ProjectConfigurationPlatforms) = postSolution
		{74F68EA8-15CD-4EE8-B4E3-41E877A72ACE}.Debug|Any CPU.ActiveCfg = Debug|Any CPU
		{74F68EA8-15CD-4EE8-B4E3-41E877A72ACE}.Debug|Any CPU.Build.0 = Debug|Any CPU
		{74F68EA8-15CD-4EE8-B4E3-41E877A72ACE}.Release|Any CPU.ActiveCfg = Release|Any CPU
		{74F68EA8-15CD-4EE8-B4E3-41E877A72ACE}.Release|Any CPU.Build.0 = Release|Any CPU
	EndGlobalSection
	GlobalSection(SolutionProperties) = preSolution
		HideSolutionNode = FALSE
	EndGlobalSection
	GlobalSection(ExtensibilityGlobals) = postSolution
		SolutionGuid = {9A86FE66-E0BC-463E-83F3-3EF45350B47C}
	EndGlobalSection
EndGlobal
